
Microsoft Visual Studio Solution File, Format Version 12.00
# Visual Studio Version 16
VisualStudioVersion = 16.0.31402.337
MinimumVisualStudioVersion = 10.0.40219.1
Project("{8BC9CEB8-8B4A-11D0-8D11-00A0C91BC942}") = "MarcoLoPiccolo_hmwk2", "MarcoLoPiccolo_hmwk2\MarcoLoPiccolo_hmwk2.vcxproj", "{0EC2EB4E-9472-4BEC-9736-E5FAA3DF0B69}"
EndProject
Global
	GlobalSection(SolutionConfigurationPlatforms) = preSolution
		Debug|x64 = Debug|x64
		Debug|x86 = Debug|x86
		Release|x64 = Release|x64
		Release|x86 = Release|x86
	EndGlobalSection
	GlobalSection(ProjectConfigurationPlatforms) = postSolution
		{0EC2EB4E-9472-4BEC-9736-E5FAA3DF0B69}.Debug|x64.ActiveCfg = Debug|x64
		{0EC2EB4E-9472-4BEC-9736-E5FAA3DF0B69}.Debug|x64.Build.0 = Debug|x64
		{0EC2EB4E-9472-4BEC-9736-E5FAA3DF0B69}.Debug|x86.ActiveCfg = Debug|Win32
		{0EC2EB4E-9472-4BEC-9736-E5FAA3DF0B69}.Debug|x86.Build.0 = Debug|Win32
		{0EC2EB4E-9472-4BEC-9736-E5FAA3DF0B69}.Release|x64.ActiveCfg = Release|x64
		{0EC2EB4E-9472-4BEC-9736-E5FAA3DF0B69}.Release|x64.Build.0 = Release|x64
		{0EC2EB4E-9472-4BEC-9736-E5FAA3DF0B69}.Release|x86.ActiveCfg = Release|Win32
		{0EC2EB4E-9472-4BEC-9736-E5FAA3DF0B69}.Release|x86.Build.0 = Release|Win32
	EndGlobalSection
	GlobalSection(SolutionProperties) = preSolution
		HideSolutionNode = FALSE
	EndGlobalSection
	GlobalSection(ExtensibilityGlobals) = postSolution
		SolutionGuid = {F8DCA4D0-8C1A-46FA-A210-40748AAB38EA}
	EndGlobalSection
EndGlobal
